
Microsoft Visual Studio Solution File, Format Version 12.00
# Visual Studio Version 17
VisualStudioVersion = 17.2.32630.192
MinimumVisualStudioVersion = 10.0.40219.1
Project("{FAE04EC0-301F-11D3-BF4B-00C04F79EFBC}") = "Day2", "Day2\Day2.csproj", "{D66AF3BE-A9ED-4C29-84E1-840C895B3A12}"
EndProject
Project("{FAE04EC0-301F-11D3-BF4B-00C04F79EFBC}") = "swap", "swap\swap.csproj", "{C55A4735-548E-4AF3-AA2E-7C7209BB2F82}"
EndProject
Project("{FAE04EC0-301F-11D3-BF4B-00C04F79EFBC}") = "_length_param_list", "_length_param_list\_length_param_list.csproj", "{C1EAEC90-F174-469E-900A-C67AD2D240E6}"
EndProject
Project("{FAE04EC0-301F-11D3-BF4B-00C04F79EFBC}") = "Library", "Library\Library.csproj", "{21FFE955-FDF0-4D27-90C2-83B8A1841DE7}"
EndProject
Project("{FAE04EC0-301F-11D3-BF4B-00C04F79EFBC}") = "Student", "Student\Student.csproj", "{D3CFD5DD-3379-40C2-AF05-E375CA06B592}"
EndProject
Global
	GlobalSection(SolutionConfigurationPlatforms) = preSolution
		Debug|Any CPU = Debug|Any CPU
		Release|Any CPU = Release|Any CPU
	EndGlobalSection
	GlobalSection(ProjectConfigurationPlatforms) = postSolution
		{D66AF3BE-A9ED-4C29-84E1-840C895B3A12}.Debug|Any CPU.ActiveCfg = Debug|Any CPU
		{D66AF3BE-A9ED-4C29-84E1-840C895B3A12}.Debug|Any CPU.Build.0 = Debug|Any CPU
		{D66AF3BE-A9ED-4C29-84E1-840C895B3A12}.Release|Any CPU.ActiveCfg = Release|Any CPU
		{D66AF3BE-A9ED-4C29-84E1-840C895B3A12}.Release|Any CPU.Build.0 = Release|Any CPU
		{C55A4735-548E-4AF3-AA2E-7C7209BB2F82}.Debug|Any CPU.ActiveCfg = Debug|Any CPU
		{C55A4735-548E-4AF3-AA2E-7C7209BB2F82}.Debug|Any CPU.Build.0 = Debug|Any CPU
		{C55A4735-548E-4AF3-AA2E-7C7209BB2F82}.Release|Any CPU.ActiveCfg = Release|Any CPU
		{C55A4735-548E-4AF3-AA2E-7C7209BB2F82}.Release|Any CPU.Build.0 = Release|Any CPU
		{C1EAEC90-F174-469E-900A-C67AD2D240E6}.Debug|Any CPU.ActiveCfg = Debug|Any CPU
		{C1EAEC90-F174-469E-900A-C67AD2D240E6}.Debug|Any CPU.Build.0 = Debug|Any CPU
		{C1EAEC90-F174-469E-900A-C67AD2D240E6}.Release|Any CPU.ActiveCfg = Release|Any CPU
		{C1EAEC90-F174-469E-900A-C67AD2D240E6}.Release|Any CPU.Build.0 = Release|Any CPU
		{21FFE955-FDF0-4D27-90C2-83B8A1841DE7}.Debug|Any CPU.ActiveCfg = Debug|Any CPU
		{21FFE955-FDF0-4D27-90C2-83B8A1841DE7}.Debug|Any CPU.Build.0 = Debug|Any CPU
		{21FFE955-FDF0-4D27-90C2-83B8A1841DE7}.Release|Any CPU.ActiveCfg = Release|Any CPU
		{21FFE955-FDF0-4D27-90C2-83B8A1841DE7}.Release|Any CPU.Build.0 = Release|Any CPU
		{D3CFD5DD-3379-40C2-AF05-E375CA06B592}.Debug|Any CPU.ActiveCfg = Debug|Any CPU
		{D3CFD5DD-3379-40C2-AF05-E375CA06B592}.Debug|Any CPU.Build.0 = Debug|Any CPU
		{D3CFD5DD-3379-40C2-AF05-E375CA06B592}.Release|Any CPU.ActiveCfg = Release|Any CPU
		{D3CFD5DD-3379-40C2-AF05-E375CA06B592}.Release|Any CPU.Build.0 = Release|Any CPU
	EndGlobalSection
	GlobalSection(SolutionProperties) = preSolution
		HideSolutionNode = FALSE
	EndGlobalSection
	GlobalSection(ExtensibilityGlobals) = postSolution
		SolutionGuid = {DE28971B-E42A-4EDD-8A6B-A42C39519602}
	EndGlobalSection
EndGlobal
